{
	"name": "kaboomjs",
	"version": "0.4.1",
	"lockfileVersion": 2,
	"requires": true,
	"packages": {
		"": {
			"name": "kaboomjs",
			"version": "0.4.1",
			"devDependencies": {
				"@types/node": "^15.0.1",
				"esbuild": "^0.11.18",
				"typescript": "^4.2.4"
			}
		},
		"node_modules/@types/node": {
			"version": "15.0.1",
			"resolved": "https://registry.npmjs.org/@types/node/-/node-15.0.1.tgz",
			"integrity": "sha512-TMkXt0Ck1y0KKsGr9gJtWGjttxlZnnvDtphxUOSd0bfaR6Q1jle+sPvrzNR1urqYTWMinoKvjKfXUGsumaO1PA==",
			"dev": true
		},
		"node_modules/esbuild": {
			"version": "0.11.18",
			"resolved": "https://registry.npmjs.org/esbuild/-/esbuild-0.11.18.tgz",
			"integrity": "sha512-KD7v4N9b5B8bxPUNn/3GA9r0HWo4nJk3iwjZ+2zG1ffg+r8ig+wqj7sW6zgI6Sn4/B2FnbzqWxcAokAGGM5zwQ==",
			"dev": true,
			"hasInstallScript": true,
			"bin": {
				"esbuild": "bin/esbuild"
			}
		},
		"node_modules/typescript": {
			"version": "4.2.4",
			"resolved": "https://registry.npmjs.org/typescript/-/typescript-4.2.4.tgz",
			"integrity": "sha512-V+evlYHZnQkaz8TRBuxTA92yZBPotr5H+WhQ7bD3hZUndx5tGOa1fuCgeSjxAzM1RiN5IzvadIXTVefuuwZCRg==",
			"dev": true,
			"bin": {
				"tsc": "bin/tsc",
				"tsserver": "bin/tsserver"
			},
			"engines": {
				"node": ">=4.2.0"
			}
		}
	},
	"dependencies": {
		"@types/node": {
			"version": "15.0.1",
			"resolved": "https://registry.npmjs.org/@types/node/-/node-15.0.1.tgz",
			"integrity": "sha512-TMkXt0Ck1y0KKsGr9gJtWGjttxlZnnvDtphxUOSd0bfaR6Q1jle+sPvrzNR1urqYTWMinoKvjKfXUGsumaO1PA==",
			"dev": true
		},
		"esbuild": {
			"version": "0.11.18",
			"resolved": "https://registry.npmjs.org/esbuild/-/esbuild-0.11.18.tgz",
			"integrity": "sha512-KD7v4N9b5B8bxPUNn/3GA9r0HWo4nJk3iwjZ+2zG1ffg+r8ig+wqj7sW6zgI6Sn4/B2FnbzqWxcAokAGGM5zwQ==",
			"dev": true
		},
		"typescript": {
			"version": "4.2.4",
			"resolved": "https://registry.npmjs.org/typescript/-/typescript-4.2.4.tgz",
			"integrity": "sha512-V+evlYHZnQkaz8TRBuxTA92yZBPotr5H+WhQ7bD3hZUndx5tGOa1fuCgeSjxAzM1RiN5IzvadIXTVefuuwZCRg==",
			"dev": true
		}
	}
}
