# THIS IS AN AUTOGENERATED FILE. DO NOT EDIT THIS FILE DIRECTLY.
# yarn lockfile v1


esbuild@^0.9.3:
  version "0.9.6"
  resolved "https://registry.yarnpkg.com/esbuild/-/esbuild-0.9.6.tgz#2cae519e7ce2328ecf57ae738090d07ce7245850"
  integrity sha512-F6vASxU0wT/Davt9aj2qtDwDNSkQxh9VbyO56M7PDWD+D/Vgq/rmUDGDQo7te76W5auauVojjnQr/wTu3vpaUA==
