{
	"name": "kaboom-global",
	"version": "2001.0.0-alpha.21",
	"lockfileVersion": 2,
	"requires": true,
	"packages": {
		"": {
			"name": "kaboom-global",
			"version": "2001.0.0-alpha.21",
			"license": "MIT",
			"devDependencies": {
				"typescript": "^4.6.3"
			},
			"peerDependencies": {
				"kaboom": "2001.0.0-alpha.21"
			}
		},
		"node_modules/kaboom": {
			"version": "2001.0.0-alpha.21",
			"resolved": "https://registry.npmjs.org/kaboom/-/kaboom-2001.0.0-alpha.21.tgz",
			"integrity": "sha512-fwxZzVjhaSIUxQdEbNKDMVjHcU2AllRiy4u/BKNd1ww/gZMdC1IA64qWLVUWWS02R7VSLd70umFYJof3R7CvOg==",
			"peer": true
		},
		"node_modules/typescript": {
			"version": "4.6.3",
			"resolved": "https://registry.npmjs.org/typescript/-/typescript-4.6.3.tgz",
			"integrity": "sha512-yNIatDa5iaofVozS/uQJEl3JRWLKKGJKh6Yaiv0GLGSuhpFJe7P3SbHZ8/yjAHRQwKRoA6YZqlfjXWmVzoVSMw==",
			"dev": true,
			"bin": {
				"tsc": "bin/tsc",
				"tsserver": "bin/tsserver"
			},
			"engines": {
				"node": ">=4.2.0"
			}
		}
	},
	"dependencies": {
		"kaboom": {
			"version": "2001.0.0-alpha.21",
			"resolved": "https://registry.npmjs.org/kaboom/-/kaboom-2001.0.0-alpha.21.tgz",
			"integrity": "sha512-fwxZzVjhaSIUxQdEbNKDMVjHcU2AllRiy4u/BKNd1ww/gZMdC1IA64qWLVUWWS02R7VSLd70umFYJof3R7CvOg==",
			"peer": true
		},
		"typescript": {
			"version": "4.6.3",
			"resolved": "https://registry.npmjs.org/typescript/-/typescript-4.6.3.tgz",
			"integrity": "sha512-yNIatDa5iaofVozS/uQJEl3JRWLKKGJKh6Yaiv0GLGSuhpFJe7P3SbHZ8/yjAHRQwKRoA6YZqlfjXWmVzoVSMw==",
			"dev": true
		}
	}
}
