{
	"name": "kaboom-globals",
	"version": "1.2.1",
	"lockfileVersion": 2,
	"requires": true,
	"packages": {
		"": {
			"name": "kaboom-globals",
			"version": "1.2.1",
			"license": "MIT",
			"devDependencies": {
				"kaboom": "file:../..",
				"typescript": "^4.6.3"
			}
		},
		"../..": {
			"version": "2001.0.0-alpha.21",
			"dev": true,
			"license": "MIT",
			"devDependencies": {
				"@typescript-eslint/eslint-plugin": "^5.14.0",
				"esbuild": "^0.14.21",
				"eslint": "^8.10.0",
				"express": "^4.17.3",
				"puppeteer": "^13.5.1",
				"typescript": "^4.6.2"
			}
		},
		"node_modules/kaboom": {
			"resolved": "../..",
			"link": true
		},
		"node_modules/typescript": {
			"version": "4.6.3",
			"resolved": "https://registry.npmjs.org/typescript/-/typescript-4.6.3.tgz",
			"integrity": "sha512-yNIatDa5iaofVozS/uQJEl3JRWLKKGJKh6Yaiv0GLGSuhpFJe7P3SbHZ8/yjAHRQwKRoA6YZqlfjXWmVzoVSMw==",
			"dev": true,
			"bin": {
				"tsc": "bin/tsc",
				"tsserver": "bin/tsserver"
			},
			"engines": {
				"node": ">=4.2.0"
			}
		}
	},
	"dependencies": {
		"kaboom": {
			"version": "file:../..",
			"requires": {
				"@typescript-eslint/eslint-plugin": "^5.14.0",
				"esbuild": "^0.14.21",
				"eslint": "^8.10.0",
				"express": "^4.17.3",
				"puppeteer": "^13.5.1",
				"typescript": "^4.6.2"
			}
		},
		"typescript": {
			"version": "4.6.3",
			"resolved": "https://registry.npmjs.org/typescript/-/typescript-4.6.3.tgz",
			"integrity": "sha512-yNIatDa5iaofVozS/uQJEl3JRWLKKGJKh6Yaiv0GLGSuhpFJe7P3SbHZ8/yjAHRQwKRoA6YZqlfjXWmVzoVSMw==",
			"dev": true
		}
	}
}
