{
	"name": "kaboom-env",
	"lockfileVersion": 2,
	"requires": true,
	"packages": {
		"": {
			"name": "kaboom-env",
			"dependencies": {
				"chokidar": "^3.5.2",
				"esbuild": "^0.12.19",
				"express": "^4.17.1",
				"kaboom": "0.8.0-beta.7",
				"stacktrace-js": "^2.0.2",
				"ws": "^8.2.0"
			}
		},
		"node_modules/accepts": {
			"version": "1.3.7",
			"integrity": "sha512-Il80Qs2WjYlJIBNzNkK6KYqlVMTbZLXgHx2oT0pU/fjRHyEp+PEfEPY0R3WCwAGVOtauxh1hOxNgIf5bv7dQpA==",
			"dependencies": {
				"mime-types": "~2.1.24",
				"negotiator": "0.6.2"
			},
			"engines": {
				"node": ">= 0.6"
			}
		},
		"node_modules/anymatch": {
			"version": "3.1.2",
			"integrity": "sha512-P43ePfOAIupkguHUycrc4qJ9kz8ZiuOUijaETwX7THt0Y/GNK7v0aa8rY816xWjZ7rJdA5XdMcpVFTKMq+RvWg==",
			"dependencies": {
				"normalize-path": "^3.0.0",
				"picomatch": "^2.0.4"
			},
			"engines": {
				"node": ">= 8"
			}
		},
		"node_modules/array-flatten": {
			"version": "1.1.1",
			"integrity": "sha1-ml9pkFGx5wczKPKgCJaLZOopVdI="
		},
		"node_modules/binary-extensions": {
			"version": "2.2.0",
			"integrity": "sha512-jDctJ/IVQbZoJykoeHbhXpOlNBqGNcwXJKJog42E5HDPUwQTSdjCHdihjj0DlnheQ7blbT6dHOafNAiS8ooQKA==",
			"engines": {
				"node": ">=8"
			}
		},
		"node_modules/body-parser": {
			"version": "1.19.0",
			"integrity": "sha512-dhEPs72UPbDnAQJ9ZKMNTP6ptJaionhP5cBb541nXPlW60Jepo9RV/a4fX4XWW9CuFNK22krhrj1+rgzifNCsw==",
			"dependencies": {
				"bytes": "3.1.0",
				"content-type": "~1.0.4",
				"debug": "2.6.9",
				"depd": "~1.1.2",
				"http-errors": "1.7.2",
				"iconv-lite": "0.4.24",
				"on-finished": "~2.3.0",
				"qs": "6.7.0",
				"raw-body": "2.4.0",
				"type-is": "~1.6.17"
			},
			"engines": {
				"node": ">= 0.8"
			}
		},
		"node_modules/braces": {
			"version": "3.0.2",
			"integrity": "sha512-b8um+L1RzM3WDSzvhm6gIz1yfTbBt6YTlcEKAvsmqCZZFw46z626lVj9j1yEPW33H5H+lBQpZMP1k8l+78Ha0A==",
			"dependencies": {
				"fill-range": "^7.0.1"
			},
			"engines": {
				"node": ">=8"
			}
		},
		"node_modules/bytes": {
			"version": "3.1.0",
			"integrity": "sha512-zauLjrfCG+xvoyaqLoV8bLVXXNGC4JqlxFCutSDWA6fJrTo2ZuvLYTqZ7aHBLZSMOopbzwv8f+wZcVzfVTI2Dg==",
			"engines": {
				"node": ">= 0.8"
			}
		},
		"node_modules/chokidar": {
			"version": "3.5.2",
			"integrity": "sha512-ekGhOnNVPgT77r4K/U3GDhu+FQ2S8TnK/s2KbIGXi0SZWuwkZ2QNyfWdZW+TVfn84DpEP7rLeCt2UI6bJ8GwbQ==",
			"dependencies": {
				"anymatch": "~3.1.2",
				"braces": "~3.0.2",
				"glob-parent": "~5.1.2",
				"is-binary-path": "~2.1.0",
				"is-glob": "~4.0.1",
				"normalize-path": "~3.0.0",
				"readdirp": "~3.6.0"
			},
			"engines": {
				"node": ">= 8.10.0"
			},
			"optionalDependencies": {
				"fsevents": "~2.3.2"
			}
		},
		"node_modules/content-disposition": {
			"version": "0.5.3",
			"integrity": "sha512-ExO0774ikEObIAEV9kDo50o+79VCUdEB6n6lzKgGwupcVeRlhrj3qGAfwq8G6uBJjkqLrhT0qEYFcWng8z1z0g==",
			"dependencies": {
				"safe-buffer": "5.1.2"
			},
			"engines": {
				"node": ">= 0.6"
			}
		},
		"node_modules/content-type": {
			"version": "1.0.4",
			"integrity": "sha512-hIP3EEPs8tB9AT1L+NUqtwOAps4mk2Zob89MWXMHjHWg9milF/j4osnnQLXBCBFBk/tvIG/tUc9mOUJiPBhPXA==",
			"engines": {
				"node": ">= 0.6"
			}
		},
		"node_modules/cookie": {
			"version": "0.4.0",
			"integrity": "sha512-+Hp8fLp57wnUSt0tY0tHEXh4voZRDnoIrZPqlo3DPiI4y9lwg/jqx+1Om94/W6ZaPDOUbnjOt/99w66zk+l1Xg==",
			"engines": {
				"node": ">= 0.6"
			}
		},
		"node_modules/cookie-signature": {
			"version": "1.0.6",
			"integrity": "sha1-4wOogrNCzD7oylE6eZmXNNqzriw="
		},
		"node_modules/debug": {
			"version": "2.6.9",
			"integrity": "sha512-bC7ElrdJaJnPbAP+1EotYvqZsb3ecl5wi6Bfi6BJTUcNowp6cvspg0jXznRTKDjm/E7AdgFBVeAPVMNcKGsHMA==",
			"dependencies": {
				"ms": "2.0.0"
			}
		},
		"node_modules/depd": {
			"version": "1.1.2",
			"integrity": "sha1-m81S4UwJd2PnSbJ0xDRu0uVgtak=",
			"engines": {
				"node": ">= 0.6"
			}
		},
		"node_modules/destroy": {
			"version": "1.0.4",
			"integrity": "sha1-l4hXRCxEdJ5CBmE+N5RiBYJqvYA="
		},
		"node_modules/ee-first": {
			"version": "1.1.1",
			"integrity": "sha1-WQxhFWsK4vTwJVcyoViyZrxWsh0="
		},
		"node_modules/encodeurl": {
			"version": "1.0.2",
			"integrity": "sha1-rT/0yG7C0CkyL1oCw6mmBslbP1k=",
			"engines": {
				"node": ">= 0.8"
			}
		},
		"node_modules/error-stack-parser": {
			"version": "2.0.6",
			"integrity": "sha512-d51brTeqC+BHlwF0BhPtcYgF5nlzf9ZZ0ZIUQNZpc9ZB9qw5IJ2diTrBY9jlCJkTLITYPjmiX6OWCwH+fuyNgQ==",
			"dependencies": {
				"stackframe": "^1.1.1"
			}
		},
		"node_modules/esbuild": {
			"version": "0.12.19",
			"integrity": "sha512-5NuT1G6THW7l3fsSCDkcPepn24R0XtyPjKoqKHD8LfhqMXzCdz0mrS9HgO6hIhzVT7zt0T+JGbzCqF5AH8hS9w==",
			"hasInstallScript": true,
			"bin": {
				"esbuild": "bin/esbuild"
			}
		},
		"node_modules/escape-html": {
			"version": "1.0.3",
			"integrity": "sha1-Aljq5NPQwJdN4cFpGI7wBR0dGYg="
		},
		"node_modules/etag": {
			"version": "1.8.1",
			"integrity": "sha1-Qa4u62XvpiJorr/qg6x9eSmbCIc=",
			"engines": {
				"node": ">= 0.6"
			}
		},
		"node_modules/express": {
			"version": "4.17.1",
			"integrity": "sha512-mHJ9O79RqluphRrcw2X/GTh3k9tVv8YcoyY4Kkh4WDMUYKRZUq0h1o0w2rrrxBqM7VoeUVqgb27xlEMXTnYt4g==",
			"dependencies": {
				"accepts": "~1.3.7",
				"array-flatten": "1.1.1",
				"body-parser": "1.19.0",
				"content-disposition": "0.5.3",
				"content-type": "~1.0.4",
				"cookie": "0.4.0",
				"cookie-signature": "1.0.6",
				"debug": "2.6.9",
				"depd": "~1.1.2",
				"encodeurl": "~1.0.2",
				"escape-html": "~1.0.3",
				"etag": "~1.8.1",
				"finalhandler": "~1.1.2",
				"fresh": "0.5.2",
				"merge-descriptors": "1.0.1",
				"methods": "~1.1.2",
				"on-finished": "~2.3.0",
				"parseurl": "~1.3.3",
				"path-to-regexp": "0.1.7",
				"proxy-addr": "~2.0.5",
				"qs": "6.7.0",
				"range-parser": "~1.2.1",
				"safe-buffer": "5.1.2",
				"send": "0.17.1",
				"serve-static": "1.14.1",
				"setprototypeof": "1.1.1",
				"statuses": "~1.5.0",
				"type-is": "~1.6.18",
				"utils-merge": "1.0.1",
				"vary": "~1.1.2"
			},
			"engines": {
				"node": ">= 0.10.0"
			}
		},
		"node_modules/fill-range": {
			"version": "7.0.1",
			"integrity": "sha512-qOo9F+dMUmC2Lcb4BbVvnKJxTPjCm+RRpe4gDuGrzkL7mEVl/djYSu2OdQ2Pa302N4oqkSg9ir6jaLWJ2USVpQ==",
			"dependencies": {
				"to-regex-range": "^5.0.1"
			},
			"engines": {
				"node": ">=8"
			}
		},
		"node_modules/finalhandler": {
			"version": "1.1.2",
			"integrity": "sha512-aAWcW57uxVNrQZqFXjITpW3sIUQmHGG3qSb9mUah9MgMC4NeWhNOlNjXEYq3HjRAvL6arUviZGGJsBg6z0zsWA==",
			"dependencies": {
				"debug": "2.6.9",
				"encodeurl": "~1.0.2",
				"escape-html": "~1.0.3",
				"on-finished": "~2.3.0",
				"parseurl": "~1.3.3",
				"statuses": "~1.5.0",
				"unpipe": "~1.0.0"
			},
			"engines": {
				"node": ">= 0.8"
			}
		},
		"node_modules/forwarded": {
			"version": "0.2.0",
			"integrity": "sha512-buRG0fpBtRHSTCOASe6hD258tEubFoRLb4ZNA6NxMVHNw2gOcwHo9wyablzMzOA5z9xA9L1KNjk/Nt6MT9aYow==",
			"engines": {
				"node": ">= 0.6"
			}
		},
		"node_modules/fresh": {
			"version": "0.5.2",
			"integrity": "sha1-PYyt2Q2XZWn6g1qx+OSyOhBWBac=",
			"engines": {
				"node": ">= 0.6"
			}
		},
		"node_modules/fsevents": {
			"version": "2.3.2",
			"integrity": "sha512-xiqMQR4xAeHTuB9uWm+fFRcIOgKBMiOBP+eXiyT7jsgVCq1bkVygt00oASowB7EdtpOHaaPgKt812P9ab+DDKA==",
			"hasInstallScript": true,
			"optional": true,
			"os": [
				"darwin"
			],
			"engines": {
				"node": "^8.16.0 || ^10.6.0 || >=11.0.0"
			}
		},
		"node_modules/glob-parent": {
			"version": "5.1.2",
			"integrity": "sha512-AOIgSQCepiJYwP3ARnGx+5VnTu2HBYdzbGP45eLw1vr3zB3vZLeyed1sC9hnbcOc9/SrMyM5RPQrkGz4aS9Zow==",
			"dependencies": {
				"is-glob": "^4.0.1"
			},
			"engines": {
				"node": ">= 6"
			}
		},
		"node_modules/http-errors": {
			"version": "1.7.2",
			"integrity": "sha512-uUQBt3H/cSIVfch6i1EuPNy/YsRSOUBXTVfZ+yR7Zjez3qjBz6i9+i4zjNaoqcoFVI4lQJ5plg63TvGfRSDCRg==",
			"dependencies": {
				"depd": "~1.1.2",
				"inherits": "2.0.3",
				"setprototypeof": "1.1.1",
				"statuses": ">= 1.5.0 < 2",
				"toidentifier": "1.0.0"
			},
			"engines": {
				"node": ">= 0.6"
			}
		},
		"node_modules/iconv-lite": {
			"version": "0.4.24",
			"integrity": "sha512-v3MXnZAcvnywkTUEZomIActle7RXXeedOR31wwl7VlyoXO4Qi9arvSenNQWne1TcRwhCL1HwLI21bEqdpj8/rA==",
			"dependencies": {
				"safer-buffer": ">= 2.1.2 < 3"
			},
			"engines": {
				"node": ">=0.10.0"
			}
		},
		"node_modules/inherits": {
			"version": "2.0.3",
			"integrity": "sha1-Yzwsg+PaQqUC9SRmAiSA9CCCYd4="
		},
		"node_modules/ipaddr.js": {
			"version": "1.9.1",
			"integrity": "sha512-0KI/607xoxSToH7GjN1FfSbLoU0+btTicjsQSWQlh/hZykN8KpmMf7uYwPW3R+akZ6R/w18ZlXSHBYXiYUPO3g==",
			"engines": {
				"node": ">= 0.10"
			}
		},
		"node_modules/is-binary-path": {
			"version": "2.1.0",
			"integrity": "sha512-ZMERYes6pDydyuGidse7OsHxtbI7WVeUEozgR/g7rd0xUimYNlvZRE/K2MgZTjWy725IfelLeVcEM97mmtRGXw==",
			"dependencies": {
				"binary-extensions": "^2.0.0"
			},
			"engines": {
				"node": ">=8"
			}
		},
		"node_modules/is-extglob": {
			"version": "2.1.1",
			"integrity": "sha1-qIwCU1eR8C7TfHahueqXc8gz+MI=",
			"engines": {
				"node": ">=0.10.0"
			}
		},
		"node_modules/is-glob": {
			"version": "4.0.1",
			"integrity": "sha512-5G0tKtBTFImOqDnLB2hG6Bp2qcKEFduo4tZu9MT/H6NQv/ghhy30o55ufafxJ/LdH79LLs2Kfrn85TLKyA7BUg==",
			"dependencies": {
				"is-extglob": "^2.1.1"
			},
			"engines": {
				"node": ">=0.10.0"
			}
		},
		"node_modules/is-number": {
			"version": "7.0.0",
			"integrity": "sha512-41Cifkg6e8TylSpdtTpeLVMqvSBEVzTttHvERD741+pnZ8ANv0004MRL43QKPDlK9cGvNp6NZWZUBlbGXYxxng==",
			"engines": {
				"node": ">=0.12.0"
			}
		},
		"node_modules/kaboom": {
			"version": "0.8.0-beta.7",
			"integrity": "sha512-5FsMyvPahY9w8o7sb3jaex1EC8Y3EJjuqEUTayMTY33vFvY9KLk00RtcDMSS0Ye/8dwc/qJTnl2c5iDxXYH4EA=="
		},
		"node_modules/media-typer": {
			"version": "0.3.0",
			"integrity": "sha1-hxDXrwqmJvj/+hzgAWhUUmMlV0g=",
			"engines": {
				"node": ">= 0.6"
			}
		},
		"node_modules/merge-descriptors": {
			"version": "1.0.1",
			"integrity": "sha1-sAqqVW3YtEVoFQ7J0blT8/kMu2E="
		},
		"node_modules/methods": {
			"version": "1.1.2",
			"integrity": "sha1-VSmk1nZUE07cxSZmVoNbD4Ua/O4=",
			"engines": {
				"node": ">= 0.6"
			}
		},
		"node_modules/mime": {
			"version": "1.6.0",
			"integrity": "sha512-x0Vn8spI+wuJ1O6S7gnbaQg8Pxh4NNHb7KSINmEWKiPE4RKOplvijn+NkmYmmRgP68mc70j2EbeTFRsrswaQeg==",
			"bin": {
				"mime": "cli.js"
			},
			"engines": {
				"node": ">=4"
			}
		},
		"node_modules/mime-db": {
			"version": "1.49.0",
			"integrity": "sha512-CIc8j9URtOVApSFCQIF+VBkX1RwXp/oMMOrqdyXSBXq5RWNEsRfyj1kiRnQgmNXmHxPoFIxOroKA3zcU9P+nAA==",
			"engines": {
				"node": ">= 0.6"
			}
		},
		"node_modules/mime-types": {
			"version": "2.1.32",
			"integrity": "sha512-hJGaVS4G4c9TSMYh2n6SQAGrC4RnfU+daP8G7cSCmaqNjiOoUY0VHCMS42pxnQmVF1GWwFhbHWn3RIxCqTmZ9A==",
			"dependencies": {
				"mime-db": "1.49.0"
			},
			"engines": {
				"node": ">= 0.6"
			}
		},
		"node_modules/ms": {
			"version": "2.0.0",
			"integrity": "sha1-VgiurfwAvmwpAd9fmGF4jeDVl8g="
		},
		"node_modules/negotiator": {
			"version": "0.6.2",
			"integrity": "sha512-hZXc7K2e+PgeI1eDBe/10Ard4ekbfrrqG8Ep+8Jmf4JID2bNg7NvCPOZN+kfF574pFQI7mum2AUqDidoKqcTOw==",
			"engines": {
				"node": ">= 0.6"
			}
		},
		"node_modules/normalize-path": {
			"version": "3.0.0",
			"integrity": "sha512-6eZs5Ls3WtCisHWp9S2GUy8dqkpGi4BVSz3GaqiE6ezub0512ESztXUwUB6C6IKbQkY2Pnb/mD4WYojCRwcwLA==",
			"engines": {
				"node": ">=0.10.0"
			}
		},
		"node_modules/on-finished": {
			"version": "2.3.0",
			"integrity": "sha1-IPEzZIGwg811M3mSoWlxqi2QaUc=",
			"dependencies": {
				"ee-first": "1.1.1"
			},
			"engines": {
				"node": ">= 0.8"
			}
		},
		"node_modules/parseurl": {
			"version": "1.3.3",
			"integrity": "sha512-CiyeOxFT/JZyN5m0z9PfXw4SCBJ6Sygz1Dpl0wqjlhDEGGBP1GnsUVEL0p63hoG1fcj3fHynXi9NYO4nWOL+qQ==",
			"engines": {
				"node": ">= 0.8"
			}
		},
		"node_modules/path-to-regexp": {
			"version": "0.1.7",
			"integrity": "sha1-32BBeABfUi8V60SQ5yR6G/qmf4w="
		},
		"node_modules/picomatch": {
			"version": "2.3.0",
			"integrity": "sha512-lY1Q/PiJGC2zOv/z391WOTD+Z02bCgsFfvxoXXf6h7kv9o+WmsmzYqrAwY63sNgOxE4xEdq0WyUnXfKeBrSvYw==",
			"engines": {
				"node": ">=8.6"
			},
			"funding": {
				"url": "https://github.com/sponsors/jonschlinkert"
			}
		},
		"node_modules/proxy-addr": {
			"version": "2.0.7",
			"integrity": "sha512-llQsMLSUDUPT44jdrU/O37qlnifitDP+ZwrmmZcoSKyLKvtZxpyV0n2/bD/N4tBAAZ/gJEdZU7KMraoK1+XYAg==",
			"dependencies": {
				"forwarded": "0.2.0",
				"ipaddr.js": "1.9.1"
			},
			"engines": {
				"node": ">= 0.10"
			}
		},
		"node_modules/qs": {
			"version": "6.7.0",
			"integrity": "sha512-VCdBRNFTX1fyE7Nb6FYoURo/SPe62QCaAyzJvUjwRaIsc+NePBEniHlvxFmmX56+HZphIGtV0XeCirBtpDrTyQ==",
			"engines": {
				"node": ">=0.6"
			}
		},
		"node_modules/range-parser": {
			"version": "1.2.1",
			"integrity": "sha512-Hrgsx+orqoygnmhFbKaHE6c296J+HTAQXoxEF6gNupROmmGJRoyzfG3ccAveqCBrwr/2yxQ5BVd/GTl5agOwSg==",
			"engines": {
				"node": ">= 0.6"
			}
		},
		"node_modules/raw-body": {
			"version": "2.4.0",
			"integrity": "sha512-4Oz8DUIwdvoa5qMJelxipzi/iJIi40O5cGV1wNYp5hvZP8ZN0T+jiNkL0QepXs+EsQ9XJ8ipEDoiH70ySUJP3Q==",
			"dependencies": {
				"bytes": "3.1.0",
				"http-errors": "1.7.2",
				"iconv-lite": "0.4.24",
				"unpipe": "1.0.0"
			},
			"engines": {
				"node": ">= 0.8"
			}
		},
		"node_modules/readdirp": {
			"version": "3.6.0",
			"integrity": "sha512-hOS089on8RduqdbhvQ5Z37A0ESjsqz6qnRcffsMU3495FuTdqSm+7bhJ29JvIOsBDEEnan5DPu9t3To9VRlMzA==",
			"dependencies": {
				"picomatch": "^2.2.1"
			},
			"engines": {
				"node": ">=8.10.0"
			}
		},
		"node_modules/safe-buffer": {
			"version": "5.1.2",
			"integrity": "sha512-Gd2UZBJDkXlY7GbJxfsE8/nvKkUEU1G38c1siN6QP6a9PT9MmHB8GnpscSmMJSoF8LOIrt8ud/wPtojys4G6+g=="
		},
		"node_modules/safer-buffer": {
			"version": "2.1.2",
			"integrity": "sha512-YZo3K82SD7Riyi0E1EQPojLz7kpepnSQI9IyPbHHg1XXXevb5dJI7tpyN2ADxGcQbHG7vcyRHk0cbwqcQriUtg=="
		},
		"node_modules/send": {
			"version": "0.17.1",
			"integrity": "sha512-BsVKsiGcQMFwT8UxypobUKyv7irCNRHk1T0G680vk88yf6LBByGcZJOTJCrTP2xVN6yI+XjPJcNuE3V4fT9sAg==",
			"dependencies": {
				"debug": "2.6.9",
				"depd": "~1.1.2",
				"destroy": "~1.0.4",
				"encodeurl": "~1.0.2",
				"escape-html": "~1.0.3",
				"etag": "~1.8.1",
				"fresh": "0.5.2",
				"http-errors": "~1.7.2",
				"mime": "1.6.0",
				"ms": "2.1.1",
				"on-finished": "~2.3.0",
				"range-parser": "~1.2.1",
				"statuses": "~1.5.0"
			},
			"engines": {
				"node": ">= 0.8.0"
			}
		},
		"node_modules/send/node_modules/ms": {
			"version": "2.1.1",
			"integrity": "sha512-tgp+dl5cGk28utYktBsrFqA7HKgrhgPsg6Z/EfhWI4gl1Hwq8B/GmY/0oXZ6nF8hDVesS/FpnYaD/kOWhYQvyg=="
		},
		"node_modules/serve-static": {
			"version": "1.14.1",
			"integrity": "sha512-JMrvUwE54emCYWlTI+hGrGv5I8dEwmco/00EvkzIIsR7MqrHonbD9pO2MOfFnpFntl7ecpZs+3mW+XbQZu9QCg==",
			"dependencies": {
				"encodeurl": "~1.0.2",
				"escape-html": "~1.0.3",
				"parseurl": "~1.3.3",
				"send": "0.17.1"
			},
			"engines": {
				"node": ">= 0.8.0"
			}
		},
		"node_modules/setprototypeof": {
			"version": "1.1.1",
			"integrity": "sha512-JvdAWfbXeIGaZ9cILp38HntZSFSo3mWg6xGcJJsd+d4aRMOqauag1C63dJfDw7OaMYwEbHMOxEZ1lqVRYP2OAw=="
		},
		"node_modules/source-map": {
			"version": "0.5.6",
			"integrity": "sha1-dc449SvwczxafwwRjYEzSiu19BI=",
			"engines": {
				"node": ">=0.10.0"
			}
		},
		"node_modules/stack-generator": {
			"version": "2.0.5",
			"integrity": "sha512-/t1ebrbHkrLrDuNMdeAcsvynWgoH/i4o8EGGfX7dEYDoTXOYVAkEpFdtshlvabzc6JlJ8Kf9YdFEoz7JkzGN9Q==",
			"dependencies": {
				"stackframe": "^1.1.1"
			}
		},
		"node_modules/stackframe": {
			"version": "1.2.0",
			"integrity": "sha512-GrdeshiRmS1YLMYgzF16olf2jJ/IzxXY9lhKOskuVziubpTYcYqyOwYeJKzQkwy7uN0fYSsbsC4RQaXf9LCrYA=="
		},
		"node_modules/stacktrace-gps": {
			"version": "3.0.4",
			"integrity": "sha512-qIr8x41yZVSldqdqe6jciXEaSCKw1U8XTXpjDuy0ki/apyTn/r3w9hDAAQOhZdxvsC93H+WwwEu5cq5VemzYeg==",
			"dependencies": {
				"source-map": "0.5.6",
				"stackframe": "^1.1.1"
			}
		},
		"node_modules/stacktrace-js": {
			"version": "2.0.2",
			"integrity": "sha512-Je5vBeY4S1r/RnLydLl0TBTi3F2qdfWmYsGvtfZgEI+SCprPppaIhQf5nGcal4gI4cGpCV/duLcAzT1np6sQqg==",
			"dependencies": {
				"error-stack-parser": "^2.0.6",
				"stack-generator": "^2.0.5",
				"stacktrace-gps": "^3.0.4"
			}
		},
		"node_modules/statuses": {
			"version": "1.5.0",
			"integrity": "sha1-Fhx9rBd2Wf2YEfQ3cfqZOBR4Yow=",
			"engines": {
				"node": ">= 0.6"
			}
		},
		"node_modules/to-regex-range": {
			"version": "5.0.1",
			"integrity": "sha512-65P7iz6X5yEr1cwcgvQxbbIw7Uk3gOy5dIdtZ4rDveLqhrdJP+Li/Hx6tyK0NEb+2GCyneCMJiGqrADCSNk8sQ==",
			"dependencies": {
				"is-number": "^7.0.0"
			},
			"engines": {
				"node": ">=8.0"
			}
		},
		"node_modules/toidentifier": {
			"version": "1.0.0",
			"integrity": "sha512-yaOH/Pk/VEhBWWTlhI+qXxDFXlejDGcQipMlyxda9nthulaxLZUNcUqFxokp0vcYnvteJln5FNQDRrxj3YcbVw==",
			"engines": {
				"node": ">=0.6"
			}
		},
		"node_modules/type-is": {
			"version": "1.6.18",
			"integrity": "sha512-TkRKr9sUTxEH8MdfuCSP7VizJyzRNMjj2J2do2Jr3Kym598JVdEksuzPQCnlFPW4ky9Q+iA+ma9BGm06XQBy8g==",
			"dependencies": {
				"media-typer": "0.3.0",
				"mime-types": "~2.1.24"
			},
			"engines": {
				"node": ">= 0.6"
			}
		},
		"node_modules/unpipe": {
			"version": "1.0.0",
			"integrity": "sha1-sr9O6FFKrmFltIF4KdIbLvSZBOw=",
			"engines": {
				"node": ">= 0.8"
			}
		},
		"node_modules/utils-merge": {
			"version": "1.0.1",
			"integrity": "sha1-n5VxD1CiZ5R7LMwSR0HBAoQn5xM=",
			"engines": {
				"node": ">= 0.4.0"
			}
		},
		"node_modules/vary": {
			"version": "1.1.2",
			"integrity": "sha1-IpnwLG3tMNSllhsLn3RSShj2NPw=",
			"engines": {
				"node": ">= 0.8"
			}
		},
		"node_modules/ws": {
			"version": "8.2.0",
			"integrity": "sha512-uYhVJ/m9oXwEI04iIVmgLmugh2qrZihkywG9y5FfZV2ATeLIzHf93qs+tUNqlttbQK957/VX3mtwAS+UfIwA4g==",
			"engines": {
				"node": ">=10.0.0"
			},
			"peerDependencies": {
				"bufferutil": "^4.0.1",
				"utf-8-validate": "^5.0.2"
			},
			"peerDependenciesMeta": {
				"bufferutil": {
					"optional": true
				},
				"utf-8-validate": {
					"optional": true
				}
			}
		}
	},
	"dependencies": {
		"accepts": {
			"version": "1.3.7",
			"requires": {
				"mime-types": "~2.1.24",
				"negotiator": "0.6.2"
			}
		},
		"anymatch": {
			"version": "3.1.2",
			"requires": {
				"normalize-path": "^3.0.0",
				"picomatch": "^2.0.4"
			}
		},
		"array-flatten": {
			"version": "1.1.1"
		},
		"binary-extensions": {
			"version": "2.2.0"
		},
		"body-parser": {
			"version": "1.19.0",
			"requires": {
				"bytes": "3.1.0",
				"content-type": "~1.0.4",
				"debug": "2.6.9",
				"depd": "~1.1.2",
				"http-errors": "1.7.2",
				"iconv-lite": "0.4.24",
				"on-finished": "~2.3.0",
				"qs": "6.7.0",
				"raw-body": "2.4.0",
				"type-is": "~1.6.17"
			}
		},
		"braces": {
			"version": "3.0.2",
			"requires": {
				"fill-range": "^7.0.1"
			}
		},
		"bytes": {
			"version": "3.1.0"
		},
		"chokidar": {
			"version": "3.5.2",
			"requires": {
				"anymatch": "~3.1.2",
				"braces": "~3.0.2",
				"fsevents": "~2.3.2",
				"glob-parent": "~5.1.2",
				"is-binary-path": "~2.1.0",
				"is-glob": "~4.0.1",
				"normalize-path": "~3.0.0",
				"readdirp": "~3.6.0"
			}
		},
		"content-disposition": {
			"version": "0.5.3",
			"requires": {
				"safe-buffer": "5.1.2"
			}
		},
		"content-type": {
			"version": "1.0.4"
		},
		"cookie": {
			"version": "0.4.0"
		},
		"cookie-signature": {
			"version": "1.0.6"
		},
		"debug": {
			"version": "2.6.9",
			"requires": {
				"ms": "2.0.0"
			}
		},
		"depd": {
			"version": "1.1.2"
		},
		"destroy": {
			"version": "1.0.4"
		},
		"ee-first": {
			"version": "1.1.1"
		},
		"encodeurl": {
			"version": "1.0.2"
		},
		"error-stack-parser": {
			"version": "2.0.6",
			"requires": {
				"stackframe": "^1.1.1"
			}
		},
		"esbuild": {
			"version": "0.12.19"
		},
		"escape-html": {
			"version": "1.0.3"
		},
		"etag": {
			"version": "1.8.1"
		},
		"express": {
			"version": "4.17.1",
			"requires": {
				"accepts": "~1.3.7",
				"array-flatten": "1.1.1",
				"body-parser": "1.19.0",
				"content-disposition": "0.5.3",
				"content-type": "~1.0.4",
				"cookie": "0.4.0",
				"cookie-signature": "1.0.6",
				"debug": "2.6.9",
				"depd": "~1.1.2",
				"encodeurl": "~1.0.2",
				"escape-html": "~1.0.3",
				"etag": "~1.8.1",
				"finalhandler": "~1.1.2",
				"fresh": "0.5.2",
				"merge-descriptors": "1.0.1",
				"methods": "~1.1.2",
				"on-finished": "~2.3.0",
				"parseurl": "~1.3.3",
				"path-to-regexp": "0.1.7",
				"proxy-addr": "~2.0.5",
				"qs": "6.7.0",
				"range-parser": "~1.2.1",
				"safe-buffer": "5.1.2",
				"send": "0.17.1",
				"serve-static": "1.14.1",
				"setprototypeof": "1.1.1",
				"statuses": "~1.5.0",
				"type-is": "~1.6.18",
				"utils-merge": "1.0.1",
				"vary": "~1.1.2"
			}
		},
		"fill-range": {
			"version": "7.0.1",
			"requires": {
				"to-regex-range": "^5.0.1"
			}
		},
		"finalhandler": {
			"version": "1.1.2",
			"requires": {
				"debug": "2.6.9",
				"encodeurl": "~1.0.2",
				"escape-html": "~1.0.3",
				"on-finished": "~2.3.0",
				"parseurl": "~1.3.3",
				"statuses": "~1.5.0",
				"unpipe": "~1.0.0"
			}
		},
		"forwarded": {
			"version": "0.2.0"
		},
		"fresh": {
			"version": "0.5.2"
		},
		"fsevents": {
			"version": "2.3.2",
			"optional": true
		},
		"glob-parent": {
			"version": "5.1.2",
			"requires": {
				"is-glob": "^4.0.1"
			}
		},
		"http-errors": {
			"version": "1.7.2",
			"requires": {
				"depd": "~1.1.2",
				"inherits": "2.0.3",
				"setprototypeof": "1.1.1",
				"statuses": ">= 1.5.0 < 2",
				"toidentifier": "1.0.0"
			}
		},
		"iconv-lite": {
			"version": "0.4.24",
			"requires": {
				"safer-buffer": ">= 2.1.2 < 3"
			}
		},
		"inherits": {
			"version": "2.0.3"
		},
		"ipaddr.js": {
			"version": "1.9.1"
		},
		"is-binary-path": {
			"version": "2.1.0",
			"requires": {
				"binary-extensions": "^2.0.0"
			}
		},
		"is-extglob": {
			"version": "2.1.1"
		},
		"is-glob": {
			"version": "4.0.1",
			"requires": {
				"is-extglob": "^2.1.1"
			}
		},
		"is-number": {
			"version": "7.0.0"
		},
		"kaboom": {
			"version": "0.8.0-beta.7"
		},
		"media-typer": {
			"version": "0.3.0"
		},
		"merge-descriptors": {
			"version": "1.0.1"
		},
		"methods": {
			"version": "1.1.2"
		},
		"mime": {
			"version": "1.6.0"
		},
		"mime-db": {
			"version": "1.49.0"
		},
		"mime-types": {
			"version": "2.1.32",
			"requires": {
				"mime-db": "1.49.0"
			}
		},
		"ms": {
			"version": "2.0.0"
		},
		"negotiator": {
			"version": "0.6.2"
		},
		"normalize-path": {
			"version": "3.0.0"
		},
		"on-finished": {
			"version": "2.3.0",
			"requires": {
				"ee-first": "1.1.1"
			}
		},
		"parseurl": {
			"version": "1.3.3"
		},
		"path-to-regexp": {
			"version": "0.1.7"
		},
		"picomatch": {
			"version": "2.3.0"
		},
		"proxy-addr": {
			"version": "2.0.7",
			"requires": {
				"forwarded": "0.2.0",
				"ipaddr.js": "1.9.1"
			}
		},
		"qs": {
			"version": "6.7.0"
		},
		"range-parser": {
			"version": "1.2.1"
		},
		"raw-body": {
			"version": "2.4.0",
			"requires": {
				"bytes": "3.1.0",
				"http-errors": "1.7.2",
				"iconv-lite": "0.4.24",
				"unpipe": "1.0.0"
			}
		},
		"readdirp": {
			"version": "3.6.0",
			"requires": {
				"picomatch": "^2.2.1"
			}
		},
		"safe-buffer": {
			"version": "5.1.2"
		},
		"safer-buffer": {
			"version": "2.1.2"
		},
		"send": {
			"version": "0.17.1",
			"requires": {
				"debug": "2.6.9",
				"depd": "~1.1.2",
				"destroy": "~1.0.4",
				"encodeurl": "~1.0.2",
				"escape-html": "~1.0.3",
				"etag": "~1.8.1",
				"fresh": "0.5.2",
				"http-errors": "~1.7.2",
				"mime": "1.6.0",
				"ms": "2.1.1",
				"on-finished": "~2.3.0",
				"range-parser": "~1.2.1",
				"statuses": "~1.5.0"
			},
			"dependencies": {
				"ms": {
					"version": "2.1.1"
				}
			}
		},
		"serve-static": {
			"version": "1.14.1",
			"requires": {
				"encodeurl": "~1.0.2",
				"escape-html": "~1.0.3",
				"parseurl": "~1.3.3",
				"send": "0.17.1"
			}
		},
		"setprototypeof": {
			"version": "1.1.1"
		},
		"source-map": {
			"version": "0.5.6"
		},
		"stack-generator": {
			"version": "2.0.5",
			"requires": {
				"stackframe": "^1.1.1"
			}
		},
		"stackframe": {
			"version": "1.2.0"
		},
		"stacktrace-gps": {
			"version": "3.0.4",
			"requires": {
				"source-map": "0.5.6",
				"stackframe": "^1.1.1"
			}
		},
		"stacktrace-js": {
			"version": "2.0.2",
			"requires": {
				"error-stack-parser": "^2.0.6",
				"stack-generator": "^2.0.5",
				"stacktrace-gps": "^3.0.4"
			}
		},
		"statuses": {
			"version": "1.5.0"
		},
		"to-regex-range": {
			"version": "5.0.1",
			"requires": {
				"is-number": "^7.0.0"
			}
		},
		"toidentifier": {
			"version": "1.0.0"
		},
		"type-is": {
			"version": "1.6.18",
			"requires": {
				"media-typer": "0.3.0",
				"mime-types": "~2.1.24"
			}
		},
		"unpipe": {
			"version": "1.0.0"
		},
		"utils-merge": {
			"version": "1.0.1"
		},
		"vary": {
			"version": "1.1.2"
		},
		"ws": {
			"version": "8.2.0",
			"requires": {}
		}
	}
}
