{
	"name": "kaboom-env",
	"lockfileVersion": 2,
	"requires": true,
	"packages": {
		"": {
			"name": "kaboom-env",
			"devDependencies": {
				"esbuild": "^0.12.18"
			}
		},
		"..": {
			"version": "0.6.0",
			"extraneous": true,
			"devDependencies": {
				"esbuild": "^0.11.18",
				"typescript": "^4.3.5",
				"ws": "^7.5.3"
			}
		},
		"node_modules/esbuild": {
			"version": "0.12.18",
			"resolved": "https://registry.npmjs.org/esbuild/-/esbuild-0.12.18.tgz",
			"integrity": "sha512-arWhBQSy+oiBAp8VRRCFvAU+3jyf0gGacABLO3haMHboXCDjzq4WUqyQklst2XRuFS8MXgap+9uvODqj9Iygpg==",
			"dev": true,
			"hasInstallScript": true,
			"bin": {
				"esbuild": "bin/esbuild"
			}
		}
	},
	"dependencies": {
		"esbuild": {
			"version": "0.12.18",
			"resolved": "https://registry.npmjs.org/esbuild/-/esbuild-0.12.18.tgz",
			"integrity": "sha512-arWhBQSy+oiBAp8VRRCFvAU+3jyf0gGacABLO3haMHboXCDjzq4WUqyQklst2XRuFS8MXgap+9uvODqj9Iygpg==",
			"dev": true
		}
	}
}
